
Microsoft Visual Studio Solution File, Format Version 12.00
# Visual Studio 15
VisualStudioVersion = 15.0.28010.2041
MinimumVisualStudioVersion = 10.0.40219.1
Project("{FAE04EC0-301F-11D3-BF4B-00C04F79EFBC}") = "Subtitles.Test", "Subtitles\Subtitles.Test.csproj", "{2ED0C253-F712-41F1-BF81-E8C0D04FDE03}"
EndProject
Project("{FAE04EC0-301F-11D3-BF4B-00C04F79EFBC}") = "Subtitles.Gui", "Subtitles.Gui\Subtitles.Gui.csproj", "{71799F02-F2CA-4D85-9158-B889BC81C127}"
EndProject
Global
	GlobalSection(SolutionConfigurationPlatforms) = preSolution
		Debug|Any CPU = Debug|Any CPU
		Release|Any CPU = Release|Any CPU
	EndGlobalSection
	GlobalSection(ProjectConfigurationPlatforms) = postSolution
		{2ED0C253-F712-41F1-BF81-E8C0D04FDE03}.Debug|Any CPU.ActiveCfg = Debug|Any CPU
		{2ED0C253-F712-41F1-BF81-E8C0D04FDE03}.Debug|Any CPU.Build.0 = Debug|Any CPU
		{2ED0C253-F712-41F1-BF81-E8C0D04FDE03}.Release|Any CPU.ActiveCfg = Release|Any CPU
		{2ED0C253-F712-41F1-BF81-E8C0D04FDE03}.Release|Any CPU.Build.0 = Release|Any CPU
		{71799F02-F2CA-4D85-9158-B889BC81C127}.Debug|Any CPU.ActiveCfg = Debug|Any CPU
		{71799F02-F2CA-4D85-9158-B889BC81C127}.Debug|Any CPU.Build.0 = Debug|Any CPU
		{71799F02-F2CA-4D85-9158-B889BC81C127}.Release|Any CPU.ActiveCfg = Release|Any CPU
		{71799F02-F2CA-4D85-9158-B889BC81C127}.Release|Any CPU.Build.0 = Release|Any CPU
	EndGlobalSection
	GlobalSection(SolutionProperties) = preSolution
		HideSolutionNode = FALSE
	EndGlobalSection
	GlobalSection(ExtensibilityGlobals) = postSolution
		SolutionGuid = {412B52B0-FF16-4CF2-84F6-58C9F358F81D}
	EndGlobalSection
EndGlobal
